// !$*UTF8*$!
{
	archiveVersion = 1;
	classes = {
	};
	objectVersion = 50;
	objects = {

/* Begin PBXBuildFile section */
		31B208E325232BA7005DEE98 /* AppDelegate.swift in Sources */ = {isa = PBXBuildFile; fileRef = 31B208E225232BA7005DEE98 /* AppDelegate.swift */; };
		31B208E725232BAA005DEE98 /* Assets.xcassets in Resources */ = {isa = PBXBuildFile; fileRef = 31B208E625232BAA005DEE98 /* Assets.xcassets */; };
		31B208EA25232BAA005DEE98 /* Preview Assets.xcassets in Resources */ = {isa = PBXBuildFile; fileRef = 31B208E925232BAA005DEE98 /* Preview Assets.xcassets */; };
		31B208ED25232BAA005DEE98 /* Main.storyboard in Resources */ = {isa = PBXBuildFile; fileRef = 31B208EB25232BAA005DEE98 /* Main.storyboard */; };
		31B208F6252330F2005DEE98 /* vin.pdf in Resources */ = {isa = PBXBuildFile; fileRef = 31B208F5252330F2005DEE98 /* vin.pdf */; };
		31B208F825233473005DEE98 /* VinPDFView.swift in Sources */ = {isa = PBXBuildFile; fileRef = 31B208F725233473005DEE98 /* VinPDFView.swift */; };
/* End PBXBuildFile section */

/* Begin PBXFileReference section */
		31B208DF25232BA7005DEE98 /* vin.app */ = {isa = PBXFileReference; explicitFileType = wrapper.application; includeInIndex = 0; path = vin.app; sourceTree = BUILT_PRODUCTS_DIR; };
		31B208E225232BA7005DEE98 /* AppDelegate.swift */ = {isa = PBXFileReference; lastKnownFileType = sourcecode.swift; path = AppDelegate.swift; sourceTree = "<group>"; };
		31B208E625232BAA005DEE98 /* Assets.xcassets */ = {isa = PBXFileReference; lastKnownFileType = folder.assetcatalog; path = Assets.xcassets; sourceTree = "<group>"; };
		31B208E925232BAA005DEE98 /* Preview Assets.xcassets */ = {isa = PBXFileReference; lastKnownFileType = folder.assetcatalog; path = "Preview Assets.xcassets"; sourceTree = "<group>"; };
		31B208EC25232BAA005DEE98 /* Base */ = {isa = PBXFileReference; lastKnownFileType = file.storyboard; name = Base; path = Base.lproj/Main.storyboard; sourceTree = "<group>"; };
		31B208EE25232BAA005DEE98 /* Info.plist */ = {isa = PBXFileReference; lastKnownFileType = text.plist.xml; path = Info.plist; sourceTree = "<group>"; };
		31B208EF25232BAA005DEE98 /* vin.entitlements */ = {isa = PBXFileReference; lastKnownFileType = text.plist.entitlements; path = vin.entitlements; sourceTree = "<group>"; };
		31B208F5252330F2005DEE98 /* vin.pdf */ = {isa = PBXFileReference; lastKnownFileType = image.pdf; path = vin.pdf; sourceTree = "<group>"; };
		31B208F725233473005DEE98 /* VinPDFView.swift */ = {isa = PBXFileReference; lastKnownFileType = sourcecode.swift; path = VinPDFView.swift; sourceTree = "<group>"; };
/* End PBXFileReference section */

/* Begin PBXFrameworksBuildPhase section */
		31B208DC25232BA7005DEE98 /* Frameworks */ = {
			isa = PBXFrameworksBuildPhase;
			buildActionMask = 2147483647;
			files = (
			);
			runOnlyForDeploymentPostprocessing = 0;
		};
/* End PBXFrameworksBuildPhase section */

/* Begin PBXGroup section */
		31B208D625232BA7005DEE98 = {
			isa = PBXGroup;
			children = (
				31B208E125232BA7005DEE98 /* vin */,
				31B208E025232BA7005DEE98 /* Products */,
			);
			sourceTree = "<group>";
		};
		31B208E025232BA7005DEE98 /* Products */ = {
			isa = PBXGroup;
			children = (
				31B208DF25232BA7005DEE98 /* vin.app */,
			);
			name = Products;
			sourceTree = "<group>";
		};
		31B208E125232BA7005DEE98 /* vin */ = {
			isa = PBXGroup;
			children = (
				31B208F5252330F2005DEE98 /* vin.pdf */,
				31B208E225232BA7005DEE98 /* AppDelegate.swift */,
				31B208E625232BAA005DEE98 /* Assets.xcassets */,
				31B208EB25232BAA005DEE98 /* Main.storyboard */,
				31B208EE25232BAA005DEE98 /* Info.plist */,
				31B208EF25232BAA005DEE98 /* vin.entitlements */,
				31B208E825232BAA005DEE98 /* Preview Content */,
				31B208F725233473005DEE98 /* VinPDFView.swift */,
			);
			path = vin;
			sourceTree = "<group>";
		};
		31B208E825232BAA005DEE98 /* Preview Content */ = {
			isa = PBXGroup;
			children = (
				31B208E925232BAA005DEE98 /* Preview Assets.xcassets */,
			);
			path = "Preview Content";
			sourceTree = "<group>";
		};
/* End PBXGroup section */

/* Begin PBXNativeTarget section */
		31B208DE25232BA7005DEE98 /* vin */ = {
			isa = PBXNativeTarget;
			buildConfigurationList = 31B208F225232BAA005DEE98 /* Build configuration list for PBXNativeTarget "vin" */;
			buildPhases = (
				31B208DB25232BA7005DEE98 /* Sources */,
				31B208DC25232BA7005DEE98 /* Frameworks */,
				31B208DD25232BA7005DEE98 /* Resources */,
			);
			buildRules = (
			);
			dependencies = (
			);
			name = vin;
			productName = vin;
			productReference = 31B208DF25232BA7005DEE98 /* vin.app */;
			productType = "com.apple.product-type.application";
		};
/* End PBXNativeTarget section */

/* Begin PBXProject section */
		31B208D725232BA7005DEE98 /* Project object */ = {
			isa = PBXProject;
			attributes = {
				LastSwiftUpdateCheck = 1170;
				LastUpgradeCheck = 1200;
				ORGANIZATIONNAME = "Ganan Jeyakumar";
				TargetAttributes = {
					31B208DE25232BA7005DEE98 = {
						CreatedOnToolsVersion = 11.7;
					};
				};
			};
			buildConfigurationList = 31B208DA25232BA7005DEE98 /* Build configuration list for PBXProject "vin" */;
			compatibilityVersion = "Xcode 9.3";
			developmentRegion = en;
			hasScannedForEncodings = 0;
			knownRegions = (
				en,
				Base,
			);
			mainGroup = 31B208D625232BA7005DEE98;
			productRefGroup = 31B208E025232BA7005DEE98 /* Products */;
			projectDirPath = "";
			projectRoot = "";
			targets = (
				31B208DE25232BA7005DEE98 /* vin */,
			);
		};
/* End PBXProject section */

/* Begin PBXResourcesBuildPhase section */
		31B208DD25232BA7005DEE98 /* Resources */ = {
			isa = PBXResourcesBuildPhase;
			buildActionMask = 2147483647;
			files = (
				31B208F6252330F2005DEE98 /* vin.pdf in Resources */,
				31B208ED25232BAA005DEE98 /* Main.storyboard in Resources */,
				31B208EA25232BAA005DEE98 /* Preview Assets.xcassets in Resources */,
				31B208E725232BAA005DEE98 /* Assets.xcassets in Resources */,
			);
			runOnlyForDeploymentPostprocessing = 0;
		};
/* End PBXResourcesBuildPhase section */

/* Begin PBXSourcesBuildPhase section */
		31B208DB25232BA7005DEE98 /* Sources */ = {
			isa = PBXSourcesBuildPhase;
			buildActionMask = 2147483647;
			files = (
				31B208E325232BA7005DEE98 /* AppDelegate.swift in Sources */,
				31B208F825233473005DEE98 /* VinPDFView.swift in Sources */,
			);
			runOnlyForDeploymentPostprocessing = 0;
		};
/* End PBXSourcesBuildPhase section */

/* Begin PBXVariantGroup section */
		31B208EB25232BAA005DEE98 /* Main.storyboard */ = {
			isa = PBXVariantGroup;
			children = (
				31B208EC25232BAA005DEE98 /* Base */,
			);
			name = Main.storyboard;
			sourceTree = "<group>";
		};
/* End PBXVariantGroup section */

/* Begin XCBuildConfiguration section */
		31B208F025232BAA005DEE98 /* Debug */ = {
			isa = XCBuildConfiguration;
			buildSettings = {
				ALWAYS_SEARCH_USER_PATHS = NO;
				CLANG_ANALYZER_NONNULL = YES;
				CLANG_ANALYZER_NUMBER_OBJECT_CONVERSION = YES_AGGRESSIVE;
				CLANG_CXX_LANGUAGE_STANDARD = "gnu++14";
				CLANG_CXX_LIBRARY = "libc++";
				CLANG_ENABLE_MODULES = YES;
				CLANG_ENABLE_OBJC_ARC = YES;
				CLANG_ENABLE_OBJC_WEAK = YES;
				CLANG_WARN_BLOCK_CAPTURE_AUTORELEASING = YES;
				CLANG_WARN_BOOL_CONVERSION = YES;
				CLANG_WARN_COMMA = YES;
				CLANG_WARN_CONSTANT_CONVERSION = YES;
				CLANG_WARN_DEPRECATED_OBJC_IMPLEMENTATIONS = YES;
				CLANG_WARN_DIRECT_OBJC_ISA_USAGE = YES_ERROR;
				CLANG_WARN_DOCUMENTATION_COMMENTS = YES;
				CLANG_WARN_EMPTY_BODY = YES;
				CLANG_WARN_ENUM_CONVERSION = YES;
				CLANG_WARN_INFINITE_RECURSION = YES;
				CLANG_WARN_INT_CONVERSION = YES;
				CLANG_WARN_NON_LITERAL_NULL_CONVERSION = YES;
				CLANG_WARN_OBJC_IMPLICIT_RETAIN_SELF = YES;
				CLANG_WARN_OBJC_LITERAL_CONVERSION = YES;
				CLANG_WARN_OBJC_ROOT_CLASS = YES_ERROR;
				CLANG_WARN_QUOTED_INCLUDE_IN_FRAMEWORK_HEADER = YES;
				CLANG_WARN_RANGE_LOOP_ANALYSIS = YES;
				CLANG_WARN_STRICT_PROTOTYPES = YES;
				CLANG_WARN_SUSPICIOUS_MOVE = YES;
				CLANG_WARN_UNGUARDED_AVAILABILITY = YES_AGGRESSIVE;
				CLANG_WARN_UNREACHABLE_CODE = YES;
				CLANG_WARN__DUPLICATE_METHOD_MATCH = YES;
				COPY_PHASE_STRIP = NO;
				DEBUG_INFORMATION_FORMAT = dwarf;
				ENABLE_STRICT_OBJC_MSGSEND = YES;
				ENABLE_TESTABILITY = YES;
				GCC_C_LANGUAGE_STANDARD = gnu11;
				GCC_DYNAMIC_NO_PIC = NO;
				GCC_NO_COMMON_BLOCKS = YES;
				GCC_OPTIMIZATION_LEVEL = 0;
				GCC_PREPROCESSOR_DEFINITIONS = (
					"DEBUG=1",
					"$(inherited)",
				);
				GCC_WARN_64_TO_32_BIT_CONVERSION = YES;
				GCC_WARN_ABOUT_RETURN_TYPE = YES_ERROR;
				GCC_WARN_UNDECLARED_SELECTOR = YES;
				GCC_WARN_UNINITIALIZED_AUTOS = YES_AGGRESSIVE;
				GCC_WARN_UNUSED_FUNCTION = YES;
				GCC_WARN_UNUSED_VARIABLE = YES;
				MACOSX_DEPLOYMENT_TARGET = 10.10;
				MTL_ENABLE_DEBUG_INFO = INCLUDE_SOURCE;
				MTL_FAST_MATH = YES;
				ONLY_ACTIVE_ARCH = YES;
				SDKROOT = macosx;
				SWIFT_ACTIVE_COMPILATION_CONDITIONS = DEBUG;
				SWIFT_OPTIMIZATION_LEVEL = "-Onone";
			};
			name = Debug;
		};
		31B208F125232BAA005DEE98 /* Release */ = {
			isa = XCBuildConfiguration;
			buildSettings = {
				ALWAYS_SEARCH_USER_PATHS = NO;
				CLANG_ANALYZER_NONNULL = YES;
				CLANG_ANALYZER_NUMBER_OBJECT_CONVERSION = YES_AGGRESSIVE;
				CLANG_CXX_LANGUAGE_STANDARD = "gnu++14";
				CLANG_CXX_LIBRARY = "libc++";
				CLANG_ENABLE_MODULES = YES;
				CLANG_ENABLE_OBJC_ARC = YES;
				CLANG_ENABLE_OBJC_WEAK = YES;
				CLANG_WARN_BLOCK_CAPTURE_AUTORELEASING = YES;
				CLANG_WARN_BOOL_CONVERSION = YES;
				CLANG_WARN_COMMA = YES;
				CLANG_WARN_CONSTANT_CONVERSION = YES;
				CLANG_WARN_DEPRECATED_OBJC_IMPLEMENTATIONS = YES;
				CLANG_WARN_DIRECT_OBJC_ISA_USAGE = YES_ERROR;
				CLANG_WARN_DOCUMENTATION_COMMENTS = YES;
				CLANG_WARN_EMPTY_BODY = YES;
				CLANG_WARN_ENUM_CONVERSION = YES;
				CLANG_WARN_INFINITE_RECURSION = YES;
				CLANG_WARN_INT_CONVERSION = YES;
				CLANG_WARN_NON_LITERAL_NULL_CONVERSION = YES;
				CLANG_WARN_OBJC_IMPLICIT_RETAIN_SELF = YES;
				CLANG_WARN_OBJC_LITERAL_CONVERSION = YES;
				CLANG_WARN_OBJC_ROOT_CLASS = YES_ERROR;
				CLANG_WARN_QUOTED_INCLUDE_IN_FRAMEWORK_HEADER = YES;
				CLANG_WARN_RANGE_LOOP_ANALYSIS = YES;
				CLANG_WARN_STRICT_PROTOTYPES = YES;
				CLANG_WARN_SUSPICIOUS_MOVE = YES;
				CLANG_WARN_UNGUARDED_AVAILABILITY = YES_AGGRESSIVE;
				CLANG_WARN_UNREACHABLE_CODE = YES;
				CLANG_WARN__DUPLICATE_METHOD_MATCH = YES;
				COPY_PHASE_STRIP = NO;
				DEBUG_INFORMATION_FORMAT = "dwarf-with-dsym";
				ENABLE_NS_ASSERTIONS = NO;
				ENABLE_STRICT_OBJC_MSGSEND = YES;
				GCC_C_LANGUAGE_STANDARD = gnu11;
				GCC_NO_COMMON_BLOCKS = YES;
				GCC_WARN_64_TO_32_BIT_CONVERSION = YES;
				GCC_WARN_ABOUT_RETURN_TYPE = YES_ERROR;
				GCC_WARN_UNDECLARED_SELECTOR = YES;
				GCC_WARN_UNINITIALIZED_AUTOS = YES_AGGRESSIVE;
				GCC_WARN_UNUSED_FUNCTION = YES;
				GCC_WARN_UNUSED_VARIABLE = YES;
				MACOSX_DEPLOYMENT_TARGET = 10.10;
				MTL_ENABLE_DEBUG_INFO = NO;
				MTL_FAST_MATH = YES;
				SDKROOT = macosx;
				SWIFT_COMPILATION_MODE = wholemodule;
				SWIFT_OPTIMIZATION_LEVEL = "-O";
			};
			name = Release;
		};
		31B208F325232BAA005DEE98 /* Debug */ = {
			isa = XCBuildConfiguration;
			buildSettings = {
				ASSETCATALOG_COMPILER_APPICON_NAME = AppIcon;
				CODE_SIGN_ENTITLEMENTS = vin/vin.entitlements;
				CODE_SIGN_IDENTITY = "-";
				CODE_SIGN_STYLE = Automatic;
				COMBINE_HIDPI_IMAGES = YES;
				DEVELOPMENT_ASSET_PATHS = "\"vin/Preview Content\"";
				ENABLE_PREVIEWS = YES;
				INFOPLIST_FILE = vin/Info.plist;
				IPHONEOS_DEPLOYMENT_TARGET = 13.6;
				LD_RUNPATH_SEARCH_PATHS = (
					"$(inherited)",
					"@executable_path/../Frameworks",
				);
				MACOSX_DEPLOYMENT_TARGET = 10.10;
				PRODUCT_BUNDLE_IDENTIFIER = com.gananjeya.vin;
				PRODUCT_NAME = "$(TARGET_NAME)";
				SDKROOT = macosx;
				SWIFT_VERSION = 5.0;
			};
			name = Debug;
		};
		31B208F425232BAA005DEE98 /* Release */ = {
			isa = XCBuildConfiguration;
			buildSettings = {
				ASSETCATALOG_COMPILER_APPICON_NAME = AppIcon;
				CODE_SIGN_ENTITLEMENTS = vin/vin.entitlements;
				CODE_SIGN_IDENTITY = "-";
				CODE_SIGN_STYLE = Automatic;
				COMBINE_HIDPI_IMAGES = YES;
				DEVELOPMENT_ASSET_PATHS = "\"vin/Preview Content\"";
				ENABLE_PREVIEWS = YES;
				INFOPLIST_FILE = vin/Info.plist;
				IPHONEOS_DEPLOYMENT_TARGET = 13.6;
				LD_RUNPATH_SEARCH_PATHS = (
					"$(inherited)",
					"@executable_path/../Frameworks",
				);
				MACOSX_DEPLOYMENT_TARGET = 10.10;
				PRODUCT_BUNDLE_IDENTIFIER = com.gananjeya.vin;
				PRODUCT_NAME = "$(TARGET_NAME)";
				SDKROOT = macosx;
				SWIFT_VERSION = 5.0;
			};
			name = Release;
		};
/* End XCBuildConfiguration section */

/* Begin XCConfigurationList section */
		31B208DA25232BA7005DEE98 /* Build configuration list for PBXProject "vin" */ = {
			isa = XCConfigurationList;
			buildConfigurations = (
				31B208F025232BAA005DEE98 /* Debug */,
				31B208F125232BAA005DEE98 /* Release */,
			);
			defaultConfigurationIsVisible = 0;
			defaultConfigurationName = Release;
		};
		31B208F225232BAA005DEE98 /* Build configuration list for PBXNativeTarget "vin" */ = {
			isa = XCConfigurationList;
			buildConfigurations = (
				31B208F325232BAA005DEE98 /* Debug */,
				31B208F425232BAA005DEE98 /* Release */,
			);
			defaultConfigurationIsVisible = 0;
			defaultConfigurationName = Release;
		};
/* End XCConfigurationList section */
	};
	rootObject = 31B208D725232BA7005DEE98 /* Project object */;
}
